// !$*UTF8*$!
{
	archiveVersion = 1;
	classes = {
	};
	objectVersion = 46;
	objects = {

/* Begin PBXBuildFile section */
		3AF8107BD99D3CEAFEB53B2E /* Pods_MySocialApp.framework in Frameworks */ = {isa = PBXBuildFile; fileRef = 49908257CFB2B3307733558A /* Pods_MySocialApp.framework */; };
		C474715F1E4BD7A7005E1118 /* FancyView.swift in Sources */ = {isa = PBXBuildFile; fileRef = C474715E1E4BD7A7005E1118 /* FancyView.swift */; };
		C47471621E4BD82F005E1118 /* constants.swift in Sources */ = {isa = PBXBuildFile; fileRef = C47471611E4BD82F005E1118 /* constants.swift */; };
		C47471641E4BDA1D005E1118 /* RoundButton.swift in Sources */ = {isa = PBXBuildFile; fileRef = C47471631E4BDA1D005E1118 /* RoundButton.swift */; };
		C47471661E4C9B32005E1118 /* FancyField.swift in Sources */ = {isa = PBXBuildFile; fileRef = C47471651E4C9B32005E1118 /* FancyField.swift */; };
		C47471681E4C9D5C005E1118 /* FancyButton.swift in Sources */ = {isa = PBXBuildFile; fileRef = C47471671E4C9D5C005E1118 /* FancyButton.swift */; };
		C490C0BB1E4777BB00F30811 /* AppDelegate.swift in Sources */ = {isa = PBXBuildFile; fileRef = C490C0BA1E4777BB00F30811 /* AppDelegate.swift */; };
		C490C0BD1E4777BB00F30811 /* SignInVC.swift in Sources */ = {isa = PBXBuildFile; fileRef = C490C0BC1E4777BB00F30811 /* SignInVC.swift */; };
		C490C0C01E4777BB00F30811 /* Main.storyboard in Resources */ = {isa = PBXBuildFile; fileRef = C490C0BE1E4777BB00F30811 /* Main.storyboard */; };
		C490C0C21E4777BB00F30811 /* Assets.xcassets in Resources */ = {isa = PBXBuildFile; fileRef = C490C0C11E4777BB00F30811 /* Assets.xcassets */; };
		C490C0C51E4777BB00F30811 /* LaunchScreen.storyboard in Resources */ = {isa = PBXBuildFile; fileRef = C490C0C31E4777BB00F30811 /* LaunchScreen.storyboard */; };
		C490C0D01E4777BB00F30811 /* MySocialAppTests.swift in Sources */ = {isa = PBXBuildFile; fileRef = C490C0CF1E4777BB00F30811 /* MySocialAppTests.swift */; };
		C490C0DB1E4777BB00F30811 /* MySocialAppUITests.swift in Sources */ = {isa = PBXBuildFile; fileRef = C490C0DA1E4777BB00F30811 /* MySocialAppUITests.swift */; };
		C490C0E91E4777F700F30811 /* GoogleService-Info.plist in Resources */ = {isa = PBXBuildFile; fileRef = C490C0E81E4777F700F30811 /* GoogleService-Info.plist */; };
/* End PBXBuildFile section */

/* Begin PBXContainerItemProxy section */
		C490C0CC1E4777BB00F30811 /* PBXContainerItemProxy */ = {
			isa = PBXContainerItemProxy;
			containerPortal = C490C0AF1E4777BB00F30811 /* Project object */;
			proxyType = 1;
			remoteGlobalIDString = C490C0B61E4777BB00F30811;
			remoteInfo = MySocialApp;
		};
		C490C0D71E4777BB00F30811 /* PBXContainerItemProxy */ = {
			isa = PBXContainerItemProxy;
			containerPortal = C490C0AF1E4777BB00F30811 /* Project object */;
			proxyType = 1;
			remoteGlobalIDString = C490C0B61E4777BB00F30811;
			remoteInfo = MySocialApp;
		};
/* End PBXContainerItemProxy section */

/* Begin PBXFileReference section */
		3807697BC6E432004208A51A /* Pods-MySocialApp.debug.xcconfig */ = {isa = PBXFileReference; includeInIndex = 1; lastKnownFileType = text.xcconfig; name = "Pods-MySocialApp.debug.xcconfig"; path = "Pods/Target Support Files/Pods-MySocialApp/Pods-MySocialApp.debug.xcconfig"; sourceTree = "<group>"; };
		49908257CFB2B3307733558A /* Pods_MySocialApp.framework */ = {isa = PBXFileReference; explicitFileType = wrapper.framework; includeInIndex = 0; path = Pods_MySocialApp.framework; sourceTree = BUILT_PRODUCTS_DIR; };
		C474715E1E4BD7A7005E1118 /* FancyView.swift */ = {isa = PBXFileReference; fileEncoding = 4; lastKnownFileType = sourcecode.swift; path = FancyView.swift; sourceTree = "<group>"; };
		C47471611E4BD82F005E1118 /* constants.swift */ = {isa = PBXFileReference; fileEncoding = 4; lastKnownFileType = sourcecode.swift; path = constants.swift; sourceTree = "<group>"; };
		C47471631E4BDA1D005E1118 /* RoundButton.swift */ = {isa = PBXFileReference; fileEncoding = 4; lastKnownFileType = sourcecode.swift; path = RoundButton.swift; sourceTree = "<group>"; };
		C47471651E4C9B32005E1118 /* FancyField.swift */ = {isa = PBXFileReference; fileEncoding = 4; lastKnownFileType = sourcecode.swift; path = FancyField.swift; sourceTree = "<group>"; };
		C47471671E4C9D5C005E1118 /* FancyButton.swift */ = {isa = PBXFileReference; fileEncoding = 4; lastKnownFileType = sourcecode.swift; path = FancyButton.swift; sourceTree = "<group>"; };
		C490C0B71E4777BB00F30811 /* MySocialApp.app */ = {isa = PBXFileReference; explicitFileType = wrapper.application; includeInIndex = 0; path = MySocialApp.app; sourceTree = BUILT_PRODUCTS_DIR; };
		C490C0BA1E4777BB00F30811 /* AppDelegate.swift */ = {isa = PBXFileReference; lastKnownFileType = sourcecode.swift; path = AppDelegate.swift; sourceTree = "<group>"; };
		C490C0BC1E4777BB00F30811 /* SignInVC.swift */ = {isa = PBXFileReference; lastKnownFileType = sourcecode.swift; path = SignInVC.swift; sourceTree = "<group>"; };
		C490C0BF1E4777BB00F30811 /* Base */ = {isa = PBXFileReference; lastKnownFileType = file.storyboard; name = Base; path = Base.lproj/Main.storyboard; sourceTree = "<group>"; };
		C490C0C11E4777BB00F30811 /* Assets.xcassets */ = {isa = PBXFileReference; lastKnownFileType = folder.assetcatalog; path = Assets.xcassets; sourceTree = "<group>"; };
		C490C0C41E4777BB00F30811 /* Base */ = {isa = PBXFileReference; lastKnownFileType = file.storyboard; name = Base; path = Base.lproj/LaunchScreen.storyboard; sourceTree = "<group>"; };
		C490C0C61E4777BB00F30811 /* Info.plist */ = {isa = PBXFileReference; lastKnownFileType = text.plist.xml; path = Info.plist; sourceTree = "<group>"; };
		C490C0CB1E4777BB00F30811 /* MySocialAppTests.xctest */ = {isa = PBXFileReference; explicitFileType = wrapper.cfbundle; includeInIndex = 0; path = MySocialAppTests.xctest; sourceTree = BUILT_PRODUCTS_DIR; };
		C490C0CF1E4777BB00F30811 /* MySocialAppTests.swift */ = {isa = PBXFileReference; lastKnownFileType = sourcecode.swift; path = MySocialAppTests.swift; sourceTree = "<group>"; };
		C490C0D11E4777BB00F30811 /* Info.plist */ = {isa = PBXFileReference; lastKnownFileType = text.plist.xml; path = Info.plist; sourceTree = "<group>"; };
		C490C0D61E4777BB00F30811 /* MySocialAppUITests.xctest */ = {isa = PBXFileReference; explicitFileType = wrapper.cfbundle; includeInIndex = 0; path = MySocialAppUITests.xctest; sourceTree = BUILT_PRODUCTS_DIR; };
		C490C0DA1E4777BB00F30811 /* MySocialAppUITests.swift */ = {isa = PBXFileReference; lastKnownFileType = sourcecode.swift; path = MySocialAppUITests.swift; sourceTree = "<group>"; };
		C490C0DC1E4777BB00F30811 /* Info.plist */ = {isa = PBXFileReference; lastKnownFileType = text.plist.xml; path = Info.plist; sourceTree = "<group>"; };
		C490C0E81E4777F700F30811 /* GoogleService-Info.plist */ = {isa = PBXFileReference; fileEncoding = 4; lastKnownFileType = text.plist.xml; path = "GoogleService-Info.plist"; sourceTree = "<group>"; };
		C5516A1D0CF2FD5937EB1912 /* Pods-MySocialApp.release.xcconfig */ = {isa = PBXFileReference; includeInIndex = 1; lastKnownFileType = text.xcconfig; name = "Pods-MySocialApp.release.xcconfig"; path = "Pods/Target Support Files/Pods-MySocialApp/Pods-MySocialApp.release.xcconfig"; sourceTree = "<group>"; };
/* End PBXFileReference section */

/* Begin PBXFrameworksBuildPhase section */
		C490C0B41E4777BB00F30811 /* Frameworks */ = {
			isa = PBXFrameworksBuildPhase;
			buildActionMask = 2147483647;
			files = (
				3AF8107BD99D3CEAFEB53B2E /* Pods_MySocialApp.framework in Frameworks */,
			);
			runOnlyForDeploymentPostprocessing = 0;
		};
		C490C0C81E4777BB00F30811 /* Frameworks */ = {
			isa = PBXFrameworksBuildPhase;
			buildActionMask = 2147483647;
			files = (
			);
			runOnlyForDeploymentPostprocessing = 0;
		};
		C490C0D31E4777BB00F30811 /* Frameworks */ = {
			isa = PBXFrameworksBuildPhase;
			buildActionMask = 2147483647;
			files = (
			);
			runOnlyForDeploymentPostprocessing = 0;
		};
/* End PBXFrameworksBuildPhase section */

/* Begin PBXGroup section */
		BE6E0D1D2FA87BF7AC84F5BB /* Frameworks */ = {
			isa = PBXGroup;
			children = (
				49908257CFB2B3307733558A /* Pods_MySocialApp.framework */,
			);
			name = Frameworks;
			sourceTree = "<group>";
		};
		C41583D71E4779AF003A3C3F /* Model */ = {
			isa = PBXGroup;
			children = (
			);
			name = Model;
			sourceTree = "<group>";
		};
		C41583D81E4779B4003A3C3F /* View */ = {
			isa = PBXGroup;
			children = (
				C474715E1E4BD7A7005E1118 /* FancyView.swift */,
				C47471631E4BDA1D005E1118 /* RoundButton.swift */,
				C47471651E4C9B32005E1118 /* FancyField.swift */,
				C47471671E4C9D5C005E1118 /* FancyButton.swift */,
			);
			name = View;
			sourceTree = "<group>";
		};
		C41583D91E4779B8003A3C3F /* Controller */ = {
			isa = PBXGroup;
			children = (
				C490C0BC1E4777BB00F30811 /* SignInVC.swift */,
			);
			name = Controller;
			sourceTree = "<group>";
		};
		C47471601E4BD822005E1118 /* UTIL */ = {
			isa = PBXGroup;
			children = (
				C47471611E4BD82F005E1118 /* constants.swift */,
			);
			name = UTIL;
			sourceTree = "<group>";
		};
		C490C0AE1E4777BB00F30811 = {
			isa = PBXGroup;
			children = (
				C490C0B91E4777BB00F30811 /* MySocialApp */,
				C490C0CE1E4777BB00F30811 /* MySocialAppTests */,
				C490C0D91E4777BB00F30811 /* MySocialAppUITests */,
				C490C0B81E4777BB00F30811 /* Products */,
				C576B132C0E6854C0F95B2FA /* Pods */,
				BE6E0D1D2FA87BF7AC84F5BB /* Frameworks */,
			);
			sourceTree = "<group>";
		};
		C490C0B81E4777BB00F30811 /* Products */ = {
			isa = PBXGroup;
			children = (
				C490C0B71E4777BB00F30811 /* MySocialApp.app */,
				C490C0CB1E4777BB00F30811 /* MySocialAppTests.xctest */,
				C490C0D61E4777BB00F30811 /* MySocialAppUITests.xctest */,
			);
			name = Products;
			sourceTree = "<group>";
		};
		C490C0B91E4777BB00F30811 /* MySocialApp */ = {
			isa = PBXGroup;
			children = (
				C47471601E4BD822005E1118 /* UTIL */,
				C41583D71E4779AF003A3C3F /* Model */,
				C41583D81E4779B4003A3C3F /* View */,
				C41583D91E4779B8003A3C3F /* Controller */,
				C490C0BA1E4777BB00F30811 /* AppDelegate.swift */,
				C490C0BE1E4777BB00F30811 /* Main.storyboard */,
				C490C0C11E4777BB00F30811 /* Assets.xcassets */,
				C490C0C31E4777BB00F30811 /* LaunchScreen.storyboard */,
				C490C0C61E4777BB00F30811 /* Info.plist */,
				C490C0E81E4777F700F30811 /* GoogleService-Info.plist */,
			);
			path = MySocialApp;
			sourceTree = "<group>";
		};
		C490C0CE1E4777BB00F30811 /* MySocialAppTests */ = {
			isa = PBXGroup;
			children = (
				C490C0CF1E4777BB00F30811 /* MySocialAppTests.swift */,
				C490C0D11E4777BB00F30811 /* Info.plist */,
			);
			path = MySocialAppTests;
			sourceTree = "<group>";
		};
		C490C0D91E4777BB00F30811 /* MySocialAppUITests */ = {
			isa = PBXGroup;
			children = (
				C490C0DA1E4777BB00F30811 /* MySocialAppUITests.swift */,
				C490C0DC1E4777BB00F30811 /* Info.plist */,
			);
			path = MySocialAppUITests;
			sourceTree = "<group>";
		};
		C576B132C0E6854C0F95B2FA /* Pods */ = {
			isa = PBXGroup;
			children = (
				3807697BC6E432004208A51A /* Pods-MySocialApp.debug.xcconfig */,
				C5516A1D0CF2FD5937EB1912 /* Pods-MySocialApp.release.xcconfig */,
			);
			name = Pods;
			sourceTree = "<group>";
		};
/* End PBXGroup section */

/* Begin PBXNativeTarget section */
		C490C0B61E4777BB00F30811 /* MySocialApp */ = {
			isa = PBXNativeTarget;
			buildConfigurationList = C490C0DF1E4777BB00F30811 /* Build configuration list for PBXNativeTarget "MySocialApp" */;
			buildPhases = (
				76C31DF92C965D1D3AEEF39D /* [CP] Check Pods Manifest.lock */,
				C490C0B31E4777BB00F30811 /* Sources */,
				C490C0B41E4777BB00F30811 /* Frameworks */,
				C490C0B51E4777BB00F30811 /* Resources */,
				29E518535C6991A2C699C807 /* [CP] Embed Pods Frameworks */,
				0A70F788094E91FE3BBD727F /* [CP] Copy Pods Resources */,
			);
			buildRules = (
			);
			dependencies = (
			);
			name = MySocialApp;
			productName = MySocialApp;
			productReference = C490C0B71E4777BB00F30811 /* MySocialApp.app */;
			productType = "com.apple.product-type.application";
		};
		C490C0CA1E4777BB00F30811 /* MySocialAppTests */ = {
			isa = PBXNativeTarget;
			buildConfigurationList = C490C0E21E4777BB00F30811 /* Build configuration list for PBXNativeTarget "MySocialAppTests" */;
			buildPhases = (
				C490C0C71E4777BB00F30811 /* Sources */,
				C490C0C81E4777BB00F30811 /* Frameworks */,
				C490C0C91E4777BB00F30811 /* Resources */,
			);
			buildRules = (
			);
			dependencies = (
				C490C0CD1E4777BB00F30811 /* PBXTargetDependency */,
			);
			name = MySocialAppTests;
			productName = MySocialAppTests;
			productReference = C490C0CB1E4777BB00F30811 /* MySocialAppTests.xctest */;
			productType = "com.apple.product-type.bundle.unit-test";
		};
		C490C0D51E4777BB00F30811 /* MySocialAppUITests */ = {
			isa = PBXNativeTarget;
			buildConfigurationList = C490C0E51E4777BB00F30811 /* Build configuration list for PBXNativeTarget "MySocialAppUITests" */;
			buildPhases = (
				C490C0D21E4777BB00F30811 /* Sources */,
				C490C0D31E4777BB00F30811 /* Frameworks */,
				C490C0D41E4777BB00F30811 /* Resources */,
			);
			buildRules = (
			);
			dependencies = (
				C490C0D81E4777BB00F30811 /* PBXTargetDependency */,
			);
			name = MySocialAppUITests;
			productName = MySocialAppUITests;
			productReference = C490C0D61E4777BB00F30811 /* MySocialAppUITests.xctest */;
			productType = "com.apple.product-type.bundle.ui-testing";
		};
/* End PBXNativeTarget section */

/* Begin PBXProject section */
		C490C0AF1E4777BB00F30811 /* Project object */ = {
			isa = PBXProject;
			attributes = {
				LastSwiftUpdateCheck = 0820;
				LastUpgradeCheck = 0820;
				ORGANIZATIONNAME = "David Ward";
				TargetAttributes = {
					C490C0B61E4777BB00F30811 = {
						CreatedOnToolsVersion = 8.2.1;
						DevelopmentTeam = 629247H9W4;
						ProvisioningStyle = Automatic;
					};
					C490C0CA1E4777BB00F30811 = {
						CreatedOnToolsVersion = 8.2.1;
						DevelopmentTeam = 629247H9W4;
						ProvisioningStyle = Automatic;
						TestTargetID = C490C0B61E4777BB00F30811;
					};
					C490C0D51E4777BB00F30811 = {
						CreatedOnToolsVersion = 8.2.1;
						DevelopmentTeam = 629247H9W4;
						ProvisioningStyle = Automatic;
						TestTargetID = C490C0B61E4777BB00F30811;
					};
				};
			};
			buildConfigurationList = C490C0B21E4777BB00F30811 /* Build configuration list for PBXProject "MySocialApp" */;
			compatibilityVersion = "Xcode 3.2";
			developmentRegion = English;
			hasScannedForEncodings = 0;
			knownRegions = (
				en,
				Base,
			);
			mainGroup = C490C0AE1E4777BB00F30811;
			productRefGroup = C490C0B81E4777BB00F30811 /* Products */;
			projectDirPath = "";
			projectRoot = "";
			targets = (
				C490C0B61E4777BB00F30811 /* MySocialApp */,
				C490C0CA1E4777BB00F30811 /* MySocialAppTests */,
				C490C0D51E4777BB00F30811 /* MySocialAppUITests */,
			);
		};
/* End PBXProject section */

/* Begin PBXResourcesBuildPhase section */
		C490C0B51E4777BB00F30811 /* Resources */ = {
			isa = PBXResourcesBuildPhase;
			buildActionMask = 2147483647;
			files = (
				C490C0C51E4777BB00F30811 /* LaunchScreen.storyboard in Resources */,
				C490C0C21E4777BB00F30811 /* Assets.xcassets in Resources */,
				C490C0E91E4777F700F30811 /* GoogleService-Info.plist in Resources */,
				C490C0C01E4777BB00F30811 /* Main.storyboard in Resources */,
			);
			runOnlyForDeploymentPostprocessing = 0;
		};
		C490C0C91E4777BB00F30811 /* Resources */ = {
			isa = PBXResourcesBuildPhase;
			buildActionMask = 2147483647;
			files = (
			);
			runOnlyForDeploymentPostprocessing = 0;
		};
		C490C0D41E4777BB00F30811 /* Resources */ = {
			isa = PBXResourcesBuildPhase;
			buildActionMask = 2147483647;
			files = (
			);
			runOnlyForDeploymentPostprocessing = 0;
		};
/* End PBXResourcesBuildPhase section */

/* Begin PBXShellScriptBuildPhase section */
		0A70F788094E91FE3BBD727F /* [CP] Copy Pods Resources */ = {
			isa = PBXShellScriptBuildPhase;
			buildActionMask = 2147483647;
			files = (
			);
			inputPaths = (
			);
			name = "[CP] Copy Pods Resources";
			outputPaths = (
			);
			runOnlyForDeploymentPostprocessing = 0;
			shellPath = /bin/sh;
			shellScript = "\"${SRCROOT}/Pods/Target Support Files/Pods-MySocialApp/Pods-MySocialApp-resources.sh\"\n";
			showEnvVarsInLog = 0;
		};
		29E518535C6991A2C699C807 /* [CP] Embed Pods Frameworks */ = {
			isa = PBXShellScriptBuildPhase;
			buildActionMask = 2147483647;
			files = (
			);
			inputPaths = (
			);
			name = "[CP] Embed Pods Frameworks";
			outputPaths = (
			);
			runOnlyForDeploymentPostprocessing = 0;
			shellPath = /bin/sh;
			shellScript = "\"${SRCROOT}/Pods/Target Support Files/Pods-MySocialApp/Pods-MySocialApp-frameworks.sh\"\n";
			showEnvVarsInLog = 0;
		};
		76C31DF92C965D1D3AEEF39D /* [CP] Check Pods Manifest.lock */ = {
			isa = PBXShellScriptBuildPhase;
			buildActionMask = 2147483647;
			files = (
			);
			inputPaths = (
			);
			name = "[CP] Check Pods Manifest.lock";
			outputPaths = (
			);
			runOnlyForDeploymentPostprocessing = 0;
			shellPath = /bin/sh;
			shellScript = "diff \"${PODS_ROOT}/../Podfile.lock\" \"${PODS_ROOT}/Manifest.lock\" > /dev/null\nif [ $? != 0 ] ; then\n    # print error to STDERR\n    echo \"error: The sandbox is not in sync with the Podfile.lock. Run 'pod install' or update your CocoaPods installation.\" >&2\n    exit 1\nfi\n";
			showEnvVarsInLog = 0;
		};
/* End PBXShellScriptBuildPhase section */

/* Begin PBXSourcesBuildPhase section */
		C490C0B31E4777BB00F30811 /* Sources */ = {
			isa = PBXSourcesBuildPhase;
			buildActionMask = 2147483647;
			files = (
				C47471661E4C9B32005E1118 /* FancyField.swift in Sources */,
				C490C0BD1E4777BB00F30811 /* SignInVC.swift in Sources */,
				C47471641E4BDA1D005E1118 /* RoundButton.swift in Sources */,
				C47471681E4C9D5C005E1118 /* FancyButton.swift in Sources */,
				C47471621E4BD82F005E1118 /* constants.swift in Sources */,
				C490C0BB1E4777BB00F30811 /* AppDelegate.swift in Sources */,
				C474715F1E4BD7A7005E1118 /* FancyView.swift in Sources */,
			);
			runOnlyForDeploymentPostprocessing = 0;
		};
		C490C0C71E4777BB00F30811 /* Sources */ = {
			isa = PBXSourcesBuildPhase;
			buildActionMask = 2147483647;
			files = (
				C490C0D01E4777BB00F30811 /* MySocialAppTests.swift in Sources */,
			);
			runOnlyForDeploymentPostprocessing = 0;
		};
		C490C0D21E4777BB00F30811 /* Sources */ = {
			isa = PBXSourcesBuildPhase;
			buildActionMask = 2147483647;
			files = (
				C490C0DB1E4777BB00F30811 /* MySocialAppUITests.swift in Sources */,
			);
			runOnlyForDeploymentPostprocessing = 0;
		};
/* End PBXSourcesBuildPhase section */

/* Begin PBXTargetDependency section */
		C490C0CD1E4777BB00F30811 /* PBXTargetDependency */ = {
			isa = PBXTargetDependency;
			target = C490C0B61E4777BB00F30811 /* MySocialApp */;
			targetProxy = C490C0CC1E4777BB00F30811 /* PBXContainerItemProxy */;
		};
		C490C0D81E4777BB00F30811 /* PBXTargetDependency */ = {
			isa = PBXTargetDependency;
			target = C490C0B61E4777BB00F30811 /* MySocialApp */;
			targetProxy = C490C0D71E4777BB00F30811 /* PBXContainerItemProxy */;
		};
/* End PBXTargetDependency section */

/* Begin PBXVariantGroup section */
		C490C0BE1E4777BB00F30811 /* Main.storyboard */ = {
			isa = PBXVariantGroup;
			children = (
				C490C0BF1E4777BB00F30811 /* Base */,
			);
			name = Main.storyboard;
			sourceTree = "<group>";
		};
		C490C0C31E4777BB00F30811 /* LaunchScreen.storyboard */ = {
			isa = PBXVariantGroup;
			children = (
				C490C0C41E4777BB00F30811 /* Base */,
			);
			name = LaunchScreen.storyboard;
			sourceTree = "<group>";
		};
/* End PBXVariantGroup section */

/* Begin XCBuildConfiguration section */
		C490C0DD1E4777BB00F30811 /* Debug */ = {
			isa = XCBuildConfiguration;
			buildSettings = {
				ALWAYS_SEARCH_USER_PATHS = NO;
				CLANG_ANALYZER_NONNULL = YES;
				CLANG_CXX_LANGUAGE_STANDARD = "gnu++0x";
				CLANG_CXX_LIBRARY = "libc++";
				CLANG_ENABLE_MODULES = YES;
				CLANG_ENABLE_OBJC_ARC = YES;
				CLANG_WARN_BOOL_CONVERSION = YES;
				CLANG_WARN_CONSTANT_CONVERSION = YES;
				CLANG_WARN_DIRECT_OBJC_ISA_USAGE = YES_ERROR;
				CLANG_WARN_DOCUMENTATION_COMMENTS = YES;
				CLANG_WARN_EMPTY_BODY = YES;
				CLANG_WARN_ENUM_CONVERSION = YES;
				CLANG_WARN_INFINITE_RECURSION = YES;
				CLANG_WARN_INT_CONVERSION = YES;
				CLANG_WARN_OBJC_ROOT_CLASS = YES_ERROR;
				CLANG_WARN_SUSPICIOUS_MOVE = YES;
				CLANG_WARN_UNREACHABLE_CODE = YES;
				CLANG_WARN__DUPLICATE_METHOD_MATCH = YES;
				"CODE_SIGN_IDENTITY[sdk=iphoneos*]" = "iPhone Developer";
				COPY_PHASE_STRIP = NO;
				DEBUG_INFORMATION_FORMAT = dwarf;
				ENABLE_STRICT_OBJC_MSGSEND = YES;
				ENABLE_TESTABILITY = YES;
				GCC_C_LANGUAGE_STANDARD = gnu99;
				GCC_DYNAMIC_NO_PIC = NO;
				GCC_NO_COMMON_BLOCKS = YES;
				GCC_OPTIMIZATION_LEVEL = 0;
				GCC_PREPROCESSOR_DEFINITIONS = (
					"DEBUG=1",
					"$(inherited)",
				);
				GCC_WARN_64_TO_32_BIT_CONVERSION = YES;
				GCC_WARN_ABOUT_RETURN_TYPE = YES_ERROR;
				GCC_WARN_UNDECLARED_SELECTOR = YES;
				GCC_WARN_UNINITIALIZED_AUTOS = YES_AGGRESSIVE;
				GCC_WARN_UNUSED_FUNCTION = YES;
				GCC_WARN_UNUSED_VARIABLE = YES;
				IPHONEOS_DEPLOYMENT_TARGET = 10.2;
				MTL_ENABLE_DEBUG_INFO = YES;
				ONLY_ACTIVE_ARCH = YES;
				SDKROOT = iphoneos;
				SWIFT_ACTIVE_COMPILATION_CONDITIONS = DEBUG;
				SWIFT_OPTIMIZATION_LEVEL = "-Onone";
			};
			name = Debug;
		};
		C490C0DE1E4777BB00F30811 /* Release */ = {
			isa = XCBuildConfiguration;
			buildSettings = {
				ALWAYS_SEARCH_USER_PATHS = NO;
				CLANG_ANALYZER_NONNULL = YES;
				CLANG_CXX_LANGUAGE_STANDARD = "gnu++0x";
				CLANG_CXX_LIBRARY = "libc++";
				CLANG_ENABLE_MODULES = YES;
				CLANG_ENABLE_OBJC_ARC = YES;
				CLANG_WARN_BOOL_CONVERSION = YES;
				CLANG_WARN_CONSTANT_CONVERSION = YES;
				CLANG_WARN_DIRECT_OBJC_ISA_USAGE = YES_ERROR;
				CLANG_WARN_DOCUMENTATION_COMMENTS = YES;
				CLANG_WARN_EMPTY_BODY = YES;
				CLANG_WARN_ENUM_CONVERSION = YES;
				CLANG_WARN_INFINITE_RECURSION = YES;
				CLANG_WARN_INT_CONVERSION = YES;
				CLANG_WARN_OBJC_ROOT_CLASS = YES_ERROR;
				CLANG_WARN_SUSPICIOUS_MOVE = YES;
				CLANG_WARN_UNREACHABLE_CODE = YES;
				CLANG_WARN__DUPLICATE_METHOD_MATCH = YES;
				"CODE_SIGN_IDENTITY[sdk=iphoneos*]" = "iPhone Developer";
				COPY_PHASE_STRIP = NO;
				DEBUG_INFORMATION_FORMAT = "dwarf-with-dsym";
				ENABLE_NS_ASSERTIONS = NO;
				ENABLE_STRICT_OBJC_MSGSEND = YES;
				GCC_C_LANGUAGE_STANDARD = gnu99;
				GCC_NO_COMMON_BLOCKS = YES;
				GCC_WARN_64_TO_32_BIT_CONVERSION = YES;
				GCC_WARN_ABOUT_RETURN_TYPE = YES_ERROR;
				GCC_WARN_UNDECLARED_SELECTOR = YES;
				GCC_WARN_UNINITIALIZED_AUTOS = YES_AGGRESSIVE;
				GCC_WARN_UNUSED_FUNCTION = YES;
				GCC_WARN_UNUSED_VARIABLE = YES;
				IPHONEOS_DEPLOYMENT_TARGET = 10.2;
				MTL_ENABLE_DEBUG_INFO = NO;
				SDKROOT = iphoneos;
				SWIFT_OPTIMIZATION_LEVEL = "-Owholemodule";
				VALIDATE_PRODUCT = YES;
			};
			name = Release;
		};
		C490C0E01E4777BB00F30811 /* Debug */ = {
			isa = XCBuildConfiguration;
			baseConfigurationReference = 3807697BC6E432004208A51A /* Pods-MySocialApp.debug.xcconfig */;
			buildSettings = {
				ASSETCATALOG_COMPILER_APPICON_NAME = AppIcon;
				DEVELOPMENT_TEAM = 629247H9W4;
				INFOPLIST_FILE = MySocialApp/Info.plist;
				LD_RUNPATH_SEARCH_PATHS = "$(inherited) @executable_path/Frameworks";
				PRODUCT_BUNDLE_IDENTIFIER = me.MySocialApp;
				PRODUCT_NAME = "$(TARGET_NAME)";
				SWIFT_VERSION = 3.0;
			};
			name = Debug;
		};
		C490C0E11E4777BB00F30811 /* Release */ = {
			isa = XCBuildConfiguration;
			baseConfigurationReference = C5516A1D0CF2FD5937EB1912 /* Pods-MySocialApp.release.xcconfig */;
			buildSettings = {
				ASSETCATALOG_COMPILER_APPICON_NAME = AppIcon;
				DEVELOPMENT_TEAM = 629247H9W4;
				INFOPLIST_FILE = MySocialApp/Info.plist;
				LD_RUNPATH_SEARCH_PATHS = "$(inherited) @executable_path/Frameworks";
				PRODUCT_BUNDLE_IDENTIFIER = me.MySocialApp;
				PRODUCT_NAME = "$(TARGET_NAME)";
				SWIFT_VERSION = 3.0;
			};
			name = Release;
		};
		C490C0E31E4777BB00F30811 /* Debug */ = {
			isa = XCBuildConfiguration;
			buildSettings = {
				ALWAYS_EMBED_SWIFT_STANDARD_LIBRARIES = YES;
				BUNDLE_LOADER = "$(TEST_HOST)";
				DEVELOPMENT_TEAM = 629247H9W4;
				INFOPLIST_FILE = MySocialAppTests/Info.plist;
				LD_RUNPATH_SEARCH_PATHS = "$(inherited) @executable_path/Frameworks @loader_path/Frameworks";
				PRODUCT_BUNDLE_IDENTIFIER = me.MySocialAppTests;
				PRODUCT_NAME = "$(TARGET_NAME)";
				SWIFT_VERSION = 3.0;
				TEST_HOST = "$(BUILT_PRODUCTS_DIR)/MySocialApp.app/MySocialApp";
			};
			name = Debug;
		};
		C490C0E41E4777BB00F30811 /* Release */ = {
			isa = XCBuildConfiguration;
			buildSettings = {
				ALWAYS_EMBED_SWIFT_STANDARD_LIBRARIES = YES;
				BUNDLE_LOADER = "$(TEST_HOST)";
				DEVELOPMENT_TEAM = 629247H9W4;
				INFOPLIST_FILE = MySocialAppTests/Info.plist;
				LD_RUNPATH_SEARCH_PATHS = "$(inherited) @executable_path/Frameworks @loader_path/Frameworks";
				PRODUCT_BUNDLE_IDENTIFIER = me.MySocialAppTests;
				PRODUCT_NAME = "$(TARGET_NAME)";
				SWIFT_VERSION = 3.0;
				TEST_HOST = "$(BUILT_PRODUCTS_DIR)/MySocialApp.app/MySocialApp";
			};
			name = Release;
		};
		C490C0E61E4777BB00F30811 /* Debug */ = {
			isa = XCBuildConfiguration;
			buildSettings = {
				ALWAYS_EMBED_SWIFT_STANDARD_LIBRARIES = YES;
				DEVELOPMENT_TEAM = 629247H9W4;
				INFOPLIST_FILE = MySocialAppUITests/Info.plist;
				LD_RUNPATH_SEARCH_PATHS = "$(inherited) @executable_path/Frameworks @loader_path/Frameworks";
				PRODUCT_BUNDLE_IDENTIFIER = me.MySocialAppUITests;
				PRODUCT_NAME = "$(TARGET_NAME)";
				SWIFT_VERSION = 3.0;
				TEST_TARGET_NAME = MySocialApp;
			};
			name = Debug;
		};
		C490C0E71E4777BB00F30811 /* Release */ = {
			isa = XCBuildConfiguration;
			buildSettings = {
				ALWAYS_EMBED_SWIFT_STANDARD_LIBRARIES = YES;
				DEVELOPMENT_TEAM = 629247H9W4;
				INFOPLIST_FILE = MySocialAppUITests/Info.plist;
				LD_RUNPATH_SEARCH_PATHS = "$(inherited) @executable_path/Frameworks @loader_path/Frameworks";
				PRODUCT_BUNDLE_IDENTIFIER = me.MySocialAppUITests;
				PRODUCT_NAME = "$(TARGET_NAME)";
				SWIFT_VERSION = 3.0;
				TEST_TARGET_NAME = MySocialApp;
			};
			name = Release;
		};
/* End XCBuildConfiguration section */

/* Begin XCConfigurationList section */
		C490C0B21E4777BB00F30811 /* Build configuration list for PBXProject "MySocialApp" */ = {
			isa = XCConfigurationList;
			buildConfigurations = (
				C490C0DD1E4777BB00F30811 /* Debug */,
				C490C0DE1E4777BB00F30811 /* Release */,
			);
			defaultConfigurationIsVisible = 0;
			defaultConfigurationName = Release;
		};
		C490C0DF1E4777BB00F30811 /* Build configuration list for PBXNativeTarget "MySocialApp" */ = {
			isa = XCConfigurationList;
			buildConfigurations = (
				C490C0E01E4777BB00F30811 /* Debug */,
				C490C0E11E4777BB00F30811 /* Release */,
			);
			defaultConfigurationIsVisible = 0;
			defaultConfigurationName = Release;
		};
		C490C0E21E4777BB00F30811 /* Build configuration list for PBXNativeTarget "MySocialAppTests" */ = {
			isa = XCConfigurationList;
			buildConfigurations = (
				C490C0E31E4777BB00F30811 /* Debug */,
				C490C0E41E4777BB00F30811 /* Release */,
			);
			defaultConfigurationIsVisible = 0;
			defaultConfigurationName = Release;
		};
		C490C0E51E4777BB00F30811 /* Build configuration list for PBXNativeTarget "MySocialAppUITests" */ = {
			isa = XCConfigurationList;
			buildConfigurations = (
				C490C0E61E4777BB00F30811 /* Debug */,
				C490C0E71E4777BB00F30811 /* Release */,
			);
			defaultConfigurationIsVisible = 0;
			defaultConfigurationName = Release;
		};
/* End XCConfigurationList section */
	};
	rootObject = C490C0AF1E4777BB00F30811 /* Project object */;
}
